
Microsoft Visual Studio Solution File, Format Version 12.00
# Visual Studio Version 17
VisualStudioVersion = 17.10.35013.160
MinimumVisualStudioVersion = 10.0.40219.1
Project("{9A19103F-16F7-4668-BE54-9A1E7A4F7556}") = "In-memory Database", "Web-API-Database\In-memory Database.csproj", "{CE44BC5B-C5AB-4DCD-82FF-5C3828205299}"
EndProject
Project("{9A19103F-16F7-4668-BE54-9A1E7A4F7556}") = "In-Memory DatabaseTesting", "In-memory DatabaseTesting\In-Memory DatabaseTesting.csproj", "{D434E8B5-599A-4C92-ABE3-3998AD0A9C0E}"
EndProject
Global
	GlobalSection(SolutionConfigurationPlatforms) = preSolution
		Debug|Any CPU = Debug|Any CPU
		Release|Any CPU = Release|Any CPU
	EndGlobalSection
	GlobalSection(ProjectConfigurationPlatforms) = postSolution
		{CE44BC5B-C5AB-4DCD-82FF-5C3828205299}.Debug|Any CPU.ActiveCfg = Debug|Any CPU
		{CE44BC5B-C5AB-4DCD-82FF-5C3828205299}.Debug|Any CPU.Build.0 = Debug|Any CPU
		{CE44BC5B-C5AB-4DCD-82FF-5C3828205299}.Release|Any CPU.ActiveCfg = Release|Any CPU
		{CE44BC5B-C5AB-4DCD-82FF-5C3828205299}.Release|Any CPU.Build.0 = Release|Any CPU
		{D434E8B5-599A-4C92-ABE3-3998AD0A9C0E}.Debug|Any CPU.ActiveCfg = Debug|Any CPU
		{D434E8B5-599A-4C92-ABE3-3998AD0A9C0E}.Debug|Any CPU.Build.0 = Debug|Any CPU
		{D434E8B5-599A-4C92-ABE3-3998AD0A9C0E}.Release|Any CPU.ActiveCfg = Release|Any CPU
		{D434E8B5-599A-4C92-ABE3-3998AD0A9C0E}.Release|Any CPU.Build.0 = Release|Any CPU
	EndGlobalSection
	GlobalSection(SolutionProperties) = preSolution
		HideSolutionNode = FALSE
	EndGlobalSection
	GlobalSection(ExtensibilityGlobals) = postSolution
		SolutionGuid = {60AC91CB-23F5-49A6-AE4E-269796A4C06A}
	EndGlobalSection
EndGlobal
